// !$*UTF8*$!
{
	archiveVersion = 1;
	classes = {
	};
	objectVersion = 48;
	objects = {

/* Begin PBXBuildFile section */
		A6A85B63205751D2008F1FC5 /* AppDelegate.swift in Sources */ = {isa = PBXBuildFile; fileRef = A6A85B62205751D2008F1FC5 /* AppDelegate.swift */; };
		A6A85B65205751D2008F1FC5 /* ViewController.swift in Sources */ = {isa = PBXBuildFile; fileRef = A6A85B64205751D2008F1FC5 /* ViewController.swift */; };
		A6A85B68205751D2008F1FC5 /* Main.storyboard in Resources */ = {isa = PBXBuildFile; fileRef = A6A85B66205751D2008F1FC5 /* Main.storyboard */; };
		A6A85B6A205751D2008F1FC5 /* Assets.xcassets in Resources */ = {isa = PBXBuildFile; fileRef = A6A85B69205751D2008F1FC5 /* Assets.xcassets */; };
		A6A85B6D205751D2008F1FC5 /* LaunchScreen.storyboard in Resources */ = {isa = PBXBuildFile; fileRef = A6A85B6B205751D2008F1FC5 /* LaunchScreen.storyboard */; };
		A6A85B78205751D3008F1FC5 /* rainbow_roadTests.swift in Sources */ = {isa = PBXBuildFile; fileRef = A6A85B77205751D3008F1FC5 /* rainbow_roadTests.swift */; };
		A6A85B83205751D3008F1FC5 /* rainbow_roadUITests.swift in Sources */ = {isa = PBXBuildFile; fileRef = A6A85B82205751D3008F1FC5 /* rainbow_roadUITests.swift */; };
/* End PBXBuildFile section */

/* Begin PBXContainerItemProxy section */
		A6A85B74205751D3008F1FC5 /* PBXContainerItemProxy */ = {
			isa = PBXContainerItemProxy;
			containerPortal = A6A85B57205751D2008F1FC5 /* Project object */;
			proxyType = 1;
			remoteGlobalIDString = A6A85B5E205751D2008F1FC5;
			remoteInfo = rainbow_road;
		};
		A6A85B7F205751D3008F1FC5 /* PBXContainerItemProxy */ = {
			isa = PBXContainerItemProxy;
			containerPortal = A6A85B57205751D2008F1FC5 /* Project object */;
			proxyType = 1;
			remoteGlobalIDString = A6A85B5E205751D2008F1FC5;
			remoteInfo = rainbow_road;
		};
/* End PBXContainerItemProxy section */

/* Begin PBXFileReference section */
		A6A85B5F205751D2008F1FC5 /* rainbow_road.app */ = {isa = PBXFileReference; explicitFileType = wrapper.application; includeInIndex = 0; path = rainbow_road.app; sourceTree = BUILT_PRODUCTS_DIR; };
		A6A85B62205751D2008F1FC5 /* AppDelegate.swift */ = {isa = PBXFileReference; lastKnownFileType = sourcecode.swift; path = AppDelegate.swift; sourceTree = "<group>"; };
		A6A85B64205751D2008F1FC5 /* ViewController.swift */ = {isa = PBXFileReference; lastKnownFileType = sourcecode.swift; path = ViewController.swift; sourceTree = "<group>"; };
		A6A85B67205751D2008F1FC5 /* Base */ = {isa = PBXFileReference; lastKnownFileType = file.storyboard; name = Base; path = Base.lproj/Main.storyboard; sourceTree = "<group>"; };
		A6A85B69205751D2008F1FC5 /* Assets.xcassets */ = {isa = PBXFileReference; lastKnownFileType = folder.assetcatalog; path = Assets.xcassets; sourceTree = "<group>"; };
		A6A85B6C205751D2008F1FC5 /* Base */ = {isa = PBXFileReference; lastKnownFileType = file.storyboard; name = Base; path = Base.lproj/LaunchScreen.storyboard; sourceTree = "<group>"; };
		A6A85B6E205751D2008F1FC5 /* Info.plist */ = {isa = PBXFileReference; lastKnownFileType = text.plist.xml; path = Info.plist; sourceTree = "<group>"; };
		A6A85B73205751D3008F1FC5 /* rainbow_roadTests.xctest */ = {isa = PBXFileReference; explicitFileType = wrapper.cfbundle; includeInIndex = 0; path = rainbow_roadTests.xctest; sourceTree = BUILT_PRODUCTS_DIR; };
		A6A85B77205751D3008F1FC5 /* rainbow_roadTests.swift */ = {isa = PBXFileReference; lastKnownFileType = sourcecode.swift; path = rainbow_roadTests.swift; sourceTree = "<group>"; };
		A6A85B79205751D3008F1FC5 /* Info.plist */ = {isa = PBXFileReference; lastKnownFileType = text.plist.xml; path = Info.plist; sourceTree = "<group>"; };
		A6A85B7E205751D3008F1FC5 /* rainbow_roadUITests.xctest */ = {isa = PBXFileReference; explicitFileType = wrapper.cfbundle; includeInIndex = 0; path = rainbow_roadUITests.xctest; sourceTree = BUILT_PRODUCTS_DIR; };
		A6A85B82205751D3008F1FC5 /* rainbow_roadUITests.swift */ = {isa = PBXFileReference; lastKnownFileType = sourcecode.swift; path = rainbow_roadUITests.swift; sourceTree = "<group>"; };
		A6A85B84205751D3008F1FC5 /* Info.plist */ = {isa = PBXFileReference; lastKnownFileType = text.plist.xml; path = Info.plist; sourceTree = "<group>"; };
/* End PBXFileReference section */

/* Begin PBXFrameworksBuildPhase section */
		A6A85B5C205751D2008F1FC5 /* Frameworks */ = {
			isa = PBXFrameworksBuildPhase;
			buildActionMask = 2147483647;
			files = (
			);
			runOnlyForDeploymentPostprocessing = 0;
		};
		A6A85B70205751D3008F1FC5 /* Frameworks */ = {
			isa = PBXFrameworksBuildPhase;
			buildActionMask = 2147483647;
			files = (
			);
			runOnlyForDeploymentPostprocessing = 0;
		};
		A6A85B7B205751D3008F1FC5 /* Frameworks */ = {
			isa = PBXFrameworksBuildPhase;
			buildActionMask = 2147483647;
			files = (
			);
			runOnlyForDeploymentPostprocessing = 0;
		};
/* End PBXFrameworksBuildPhase section */

/* Begin PBXGroup section */
		A6A85B56205751D2008F1FC5 = {
			isa = PBXGroup;
			children = (
				A6A85B61205751D2008F1FC5 /* rainbow_road */,
				A6A85B76205751D3008F1FC5 /* rainbow_roadTests */,
				A6A85B81205751D3008F1FC5 /* rainbow_roadUITests */,
				A6A85B60205751D2008F1FC5 /* Products */,
			);
			sourceTree = "<group>";
		};
		A6A85B60205751D2008F1FC5 /* Products */ = {
			isa = PBXGroup;
			children = (
				A6A85B5F205751D2008F1FC5 /* rainbow_road.app */,
				A6A85B73205751D3008F1FC5 /* rainbow_roadTests.xctest */,
				A6A85B7E205751D3008F1FC5 /* rainbow_roadUITests.xctest */,
			);
			name = Products;
			sourceTree = "<group>";
		};
		A6A85B61205751D2008F1FC5 /* rainbow_road */ = {
			isa = PBXGroup;
			children = (
				A6A85B62205751D2008F1FC5 /* AppDelegate.swift */,
				A6A85B64205751D2008F1FC5 /* ViewController.swift */,
				A6A85B66205751D2008F1FC5 /* Main.storyboard */,
				A6A85B69205751D2008F1FC5 /* Assets.xcassets */,
				A6A85B6B205751D2008F1FC5 /* LaunchScreen.storyboard */,
				A6A85B6E205751D2008F1FC5 /* Info.plist */,
			);
			path = rainbow_road;
			sourceTree = "<group>";
		};
		A6A85B76205751D3008F1FC5 /* rainbow_roadTests */ = {
			isa = PBXGroup;
			children = (
				A6A85B77205751D3008F1FC5 /* rainbow_roadTests.swift */,
				A6A85B79205751D3008F1FC5 /* Info.plist */,
			);
			path = rainbow_roadTests;
			sourceTree = "<group>";
		};
		A6A85B81205751D3008F1FC5 /* rainbow_roadUITests */ = {
			isa = PBXGroup;
			children = (
				A6A85B82205751D3008F1FC5 /* rainbow_roadUITests.swift */,
				A6A85B84205751D3008F1FC5 /* Info.plist */,
			);
			path = rainbow_roadUITests;
			sourceTree = "<group>";
		};
/* End PBXGroup section */

/* Begin PBXNativeTarget section */
		A6A85B5E205751D2008F1FC5 /* rainbow_road */ = {
			isa = PBXNativeTarget;
			buildConfigurationList = A6A85B87205751D3008F1FC5 /* Build configuration list for PBXNativeTarget "rainbow_road" */;
			buildPhases = (
				A6A85B5B205751D2008F1FC5 /* Sources */,
				A6A85B5C205751D2008F1FC5 /* Frameworks */,
				A6A85B5D205751D2008F1FC5 /* Resources */,
			);
			buildRules = (
			);
			dependencies = (
			);
			name = rainbow_road;
			productName = rainbow_road;
			productReference = A6A85B5F205751D2008F1FC5 /* rainbow_road.app */;
			productType = "com.apple.product-type.application";
		};
		A6A85B72205751D3008F1FC5 /* rainbow_roadTests */ = {
			isa = PBXNativeTarget;
			buildConfigurationList = A6A85B8A205751D3008F1FC5 /* Build configuration list for PBXNativeTarget "rainbow_roadTests" */;
			buildPhases = (
				A6A85B6F205751D3008F1FC5 /* Sources */,
				A6A85B70205751D3008F1FC5 /* Frameworks */,
				A6A85B71205751D3008F1FC5 /* Resources */,
			);
			buildRules = (
			);
			dependencies = (
				A6A85B75205751D3008F1FC5 /* PBXTargetDependency */,
			);
			name = rainbow_roadTests;
			productName = rainbow_roadTests;
			productReference = A6A85B73205751D3008F1FC5 /* rainbow_roadTests.xctest */;
			productType = "com.apple.product-type.bundle.unit-test";
		};
		A6A85B7D205751D3008F1FC5 /* rainbow_roadUITests */ = {
			isa = PBXNativeTarget;
			buildConfigurationList = A6A85B8D205751D3008F1FC5 /* Build configuration list for PBXNativeTarget "rainbow_roadUITests" */;
			buildPhases = (
				A6A85B7A205751D3008F1FC5 /* Sources */,
				A6A85B7B205751D3008F1FC5 /* Frameworks */,
				A6A85B7C205751D3008F1FC5 /* Resources */,
			);
			buildRules = (
			);
			dependencies = (
				A6A85B80205751D3008F1FC5 /* PBXTargetDependency */,
			);
			name = rainbow_roadUITests;
			productName = rainbow_roadUITests;
			productReference = A6A85B7E205751D3008F1FC5 /* rainbow_roadUITests.xctest */;
			productType = "com.apple.product-type.bundle.ui-testing";
		};
/* End PBXNativeTarget section */

/* Begin PBXProject section */
		A6A85B57205751D2008F1FC5 /* Project object */ = {
			isa = PBXProject;
			attributes = {
				LastSwiftUpdateCheck = 0920;
				LastUpgradeCheck = 0920;
				ORGANIZATIONNAME = "Ruslan Suvorov";
				TargetAttributes = {
					A6A85B5E205751D2008F1FC5 = {
						CreatedOnToolsVersion = 9.2;
						ProvisioningStyle = Automatic;
					};
					A6A85B72205751D3008F1FC5 = {
						CreatedOnToolsVersion = 9.2;
						ProvisioningStyle = Automatic;
						TestTargetID = A6A85B5E205751D2008F1FC5;
					};
					A6A85B7D205751D3008F1FC5 = {
						CreatedOnToolsVersion = 9.2;
						ProvisioningStyle = Automatic;
						TestTargetID = A6A85B5E205751D2008F1FC5;
					};
				};
			};
			buildConfigurationList = A6A85B5A205751D2008F1FC5 /* Build configuration list for PBXProject "rainbow_road" */;
			compatibilityVersion = "Xcode 8.0";
			developmentRegion = en;
			hasScannedForEncodings = 0;
			knownRegions = (
				en,
				Base,
			);
			mainGroup = A6A85B56205751D2008F1FC5;
			productRefGroup = A6A85B60205751D2008F1FC5 /* Products */;
			projectDirPath = "";
			projectRoot = "";
			targets = (
				A6A85B5E205751D2008F1FC5 /* rainbow_road */,
				A6A85B72205751D3008F1FC5 /* rainbow_roadTests */,
				A6A85B7D205751D3008F1FC5 /* rainbow_roadUITests */,
			);
		};
/* End PBXProject section */

/* Begin PBXResourcesBuildPhase section */
		A6A85B5D205751D2008F1FC5 /* Resources */ = {
			isa = PBXResourcesBuildPhase;
			buildActionMask = 2147483647;
			files = (
				A6A85B6D205751D2008F1FC5 /* LaunchScreen.storyboard in Resources */,
				A6A85B6A205751D2008F1FC5 /* Assets.xcassets in Resources */,
				A6A85B68205751D2008F1FC5 /* Main.storyboard in Resources */,
			);
			runOnlyForDeploymentPostprocessing = 0;
		};
		A6A85B71205751D3008F1FC5 /* Resources */ = {
			isa = PBXResourcesBuildPhase;
			buildActionMask = 2147483647;
			files = (
			);
			runOnlyForDeploymentPostprocessing = 0;
		};
		A6A85B7C205751D3008F1FC5 /* Resources */ = {
			isa = PBXResourcesBuildPhase;
			buildActionMask = 2147483647;
			files = (
			);
			runOnlyForDeploymentPostprocessing = 0;
		};
/* End PBXResourcesBuildPhase section */

/* Begin PBXSourcesBuildPhase section */
		A6A85B5B205751D2008F1FC5 /* Sources */ = {
			isa = PBXSourcesBuildPhase;
			buildActionMask = 2147483647;
			files = (
				A6A85B65205751D2008F1FC5 /* ViewController.swift in Sources */,
				A6A85B63205751D2008F1FC5 /* AppDelegate.swift in Sources */,
			);
			runOnlyForDeploymentPostprocessing = 0;
		};
		A6A85B6F205751D3008F1FC5 /* Sources */ = {
			isa = PBXSourcesBuildPhase;
			buildActionMask = 2147483647;
			files = (
				A6A85B78205751D3008F1FC5 /* rainbow_roadTests.swift in Sources */,
			);
			runOnlyForDeploymentPostprocessing = 0;
		};
		A6A85B7A205751D3008F1FC5 /* Sources */ = {
			isa = PBXSourcesBuildPhase;
			buildActionMask = 2147483647;
			files = (
				A6A85B83205751D3008F1FC5 /* rainbow_roadUITests.swift in Sources */,
			);
			runOnlyForDeploymentPostprocessing = 0;
		};
/* End PBXSourcesBuildPhase section */

/* Begin PBXTargetDependency section */
		A6A85B75205751D3008F1FC5 /* PBXTargetDependency */ = {
			isa = PBXTargetDependency;
			target = A6A85B5E205751D2008F1FC5 /* rainbow_road */;
			targetProxy = A6A85B74205751D3008F1FC5 /* PBXContainerItemProxy */;
		};
		A6A85B80205751D3008F1FC5 /* PBXTargetDependency */ = {
			isa = PBXTargetDependency;
			target = A6A85B5E205751D2008F1FC5 /* rainbow_road */;
			targetProxy = A6A85B7F205751D3008F1FC5 /* PBXContainerItemProxy */;
		};
/* End PBXTargetDependency section */

/* Begin PBXVariantGroup section */
		A6A85B66205751D2008F1FC5 /* Main.storyboard */ = {
			isa = PBXVariantGroup;
			children = (
				A6A85B67205751D2008F1FC5 /* Base */,
			);
			name = Main.storyboard;
			sourceTree = "<group>";
		};
		A6A85B6B205751D2008F1FC5 /* LaunchScreen.storyboard */ = {
			isa = PBXVariantGroup;
			children = (
				A6A85B6C205751D2008F1FC5 /* Base */,
			);
			name = LaunchScreen.storyboard;
			sourceTree = "<group>";
		};
/* End PBXVariantGroup section */

/* Begin XCBuildConfiguration section */
		A6A85B85205751D3008F1FC5 /* Debug */ = {
			isa = XCBuildConfiguration;
			buildSettings = {
				ALWAYS_SEARCH_USER_PATHS = NO;
				CLANG_ANALYZER_NONNULL = YES;
				CLANG_ANALYZER_NUMBER_OBJECT_CONVERSION = YES_AGGRESSIVE;
				CLANG_CXX_LANGUAGE_STANDARD = "gnu++14";
				CLANG_CXX_LIBRARY = "libc++";
				CLANG_ENABLE_MODULES = YES;
				CLANG_ENABLE_OBJC_ARC = YES;
				CLANG_WARN_BLOCK_CAPTURE_AUTORELEASING = YES;
				CLANG_WARN_BOOL_CONVERSION = YES;
				CLANG_WARN_COMMA = YES;
				CLANG_WARN_CONSTANT_CONVERSION = YES;
				CLANG_WARN_DIRECT_OBJC_ISA_USAGE = YES_ERROR;
				CLANG_WARN_DOCUMENTATION_COMMENTS = YES;
				CLANG_WARN_EMPTY_BODY = YES;
				CLANG_WARN_ENUM_CONVERSION = YES;
				CLANG_WARN_INFINITE_RECURSION = YES;
				CLANG_WARN_INT_CONVERSION = YES;
				CLANG_WARN_NON_LITERAL_NULL_CONVERSION = YES;
				CLANG_WARN_OBJC_LITERAL_CONVERSION = YES;
				CLANG_WARN_OBJC_ROOT_CLASS = YES_ERROR;
				CLANG_WARN_RANGE_LOOP_ANALYSIS = YES;
				CLANG_WARN_STRICT_PROTOTYPES = YES;
				CLANG_WARN_SUSPICIOUS_MOVE = YES;
				CLANG_WARN_UNGUARDED_AVAILABILITY = YES_AGGRESSIVE;
				CLANG_WARN_UNREACHABLE_CODE = YES;
				CLANG_WARN__DUPLICATE_METHOD_MATCH = YES;
				CODE_SIGN_IDENTITY = "iPhone Developer";
				COPY_PHASE_STRIP = NO;
				DEBUG_INFORMATION_FORMAT = dwarf;
				ENABLE_STRICT_OBJC_MSGSEND = YES;
				ENABLE_TESTABILITY = YES;
				GCC_C_LANGUAGE_STANDARD = gnu11;
				GCC_DYNAMIC_NO_PIC = NO;
				GCC_NO_COMMON_BLOCKS = YES;
				GCC_OPTIMIZATION_LEVEL = 0;
				GCC_PREPROCESSOR_DEFINITIONS = (
					"DEBUG=1",
					"$(inherited)",
				);
				GCC_WARN_64_TO_32_BIT_CONVERSION = YES;
				GCC_WARN_ABOUT_RETURN_TYPE = YES_ERROR;
				GCC_WARN_UNDECLARED_SELECTOR = YES;
				GCC_WARN_UNINITIALIZED_AUTOS = YES_AGGRESSIVE;
				GCC_WARN_UNUSED_FUNCTION = YES;
				GCC_WARN_UNUSED_VARIABLE = YES;
				IPHONEOS_DEPLOYMENT_TARGET = 11.2;
				MTL_ENABLE_DEBUG_INFO = YES;
				ONLY_ACTIVE_ARCH = YES;
				SDKROOT = iphoneos;
				SWIFT_ACTIVE_COMPILATION_CONDITIONS = DEBUG;
				SWIFT_OPTIMIZATION_LEVEL = "-Onone";
			};
			name = Debug;
		};
		A6A85B86205751D3008F1FC5 /* Release */ = {
			isa = XCBuildConfiguration;
			buildSettings = {
				ALWAYS_SEARCH_USER_PATHS = NO;
				CLANG_ANALYZER_NONNULL = YES;
				CLANG_ANALYZER_NUMBER_OBJECT_CONVERSION = YES_AGGRESSIVE;
				CLANG_CXX_LANGUAGE_STANDARD = "gnu++14";
				CLANG_CXX_LIBRARY = "libc++";
				CLANG_ENABLE_MODULES = YES;
				CLANG_ENABLE_OBJC_ARC = YES;
				CLANG_WARN_BLOCK_CAPTURE_AUTORELEASING = YES;
				CLANG_WARN_BOOL_CONVERSION = YES;
				CLANG_WARN_COMMA = YES;
				CLANG_WARN_CONSTANT_CONVERSION = YES;
				CLANG_WARN_DIRECT_OBJC_ISA_USAGE = YES_ERROR;
				CLANG_WARN_DOCUMENTATION_COMMENTS = YES;
				CLANG_WARN_EMPTY_BODY = YES;
				CLANG_WARN_ENUM_CONVERSION = YES;
				CLANG_WARN_INFINITE_RECURSION = YES;
				CLANG_WARN_INT_CONVERSION = YES;
				CLANG_WARN_NON_LITERAL_NULL_CONVERSION = YES;
				CLANG_WARN_OBJC_LITERAL_CONVERSION = YES;
				CLANG_WARN_OBJC_ROOT_CLASS = YES_ERROR;
				CLANG_WARN_RANGE_LOOP_ANALYSIS = YES;
				CLANG_WARN_STRICT_PROTOTYPES = YES;
				CLANG_WARN_SUSPICIOUS_MOVE = YES;
				CLANG_WARN_UNGUARDED_AVAILABILITY = YES_AGGRESSIVE;
				CLANG_WARN_UNREACHABLE_CODE = YES;
				CLANG_WARN__DUPLICATE_METHOD_MATCH = YES;
				CODE_SIGN_IDENTITY = "iPhone Developer";
				COPY_PHASE_STRIP = NO;
				DEBUG_INFORMATION_FORMAT = "dwarf-with-dsym";
				ENABLE_NS_ASSERTIONS = NO;
				ENABLE_STRICT_OBJC_MSGSEND = YES;
				GCC_C_LANGUAGE_STANDARD = gnu11;
				GCC_NO_COMMON_BLOCKS = YES;
				GCC_WARN_64_TO_32_BIT_CONVERSION = YES;
				GCC_WARN_ABOUT_RETURN_TYPE = YES_ERROR;
				GCC_WARN_UNDECLARED_SELECTOR = YES;
				GCC_WARN_UNINITIALIZED_AUTOS = YES_AGGRESSIVE;
				GCC_WARN_UNUSED_FUNCTION = YES;
				GCC_WARN_UNUSED_VARIABLE = YES;
				IPHONEOS_DEPLOYMENT_TARGET = 11.2;
				MTL_ENABLE_DEBUG_INFO = NO;
				SDKROOT = iphoneos;
				SWIFT_OPTIMIZATION_LEVEL = "-Owholemodule";
				VALIDATE_PRODUCT = YES;
			};
			name = Release;
		};
		A6A85B88205751D3008F1FC5 /* Debug */ = {
			isa = XCBuildConfiguration;
			buildSettings = {
				ASSETCATALOG_COMPILER_APPICON_NAME = AppIcon;
				CODE_SIGN_STYLE = Automatic;
				DEVELOPMENT_TEAM = 4LCWFZ2JA9;
				INFOPLIST_FILE = rainbow_road/Info.plist;
				LD_RUNPATH_SEARCH_PATHS = "$(inherited) @executable_path/Frameworks";
				PRODUCT_BUNDLE_IDENTIFIER = "none.rainbow-road";
				PRODUCT_NAME = "$(TARGET_NAME)";
				SWIFT_VERSION = 4.0;
				TARGETED_DEVICE_FAMILY = "1,2";
			};
			name = Debug;
		};
		A6A85B89205751D3008F1FC5 /* Release */ = {
			isa = XCBuildConfiguration;
			buildSettings = {
				ASSETCATALOG_COMPILER_APPICON_NAME = AppIcon;
				CODE_SIGN_STYLE = Automatic;
				DEVELOPMENT_TEAM = 4LCWFZ2JA9;
				INFOPLIST_FILE = rainbow_road/Info.plist;
				LD_RUNPATH_SEARCH_PATHS = "$(inherited) @executable_path/Frameworks";
				PRODUCT_BUNDLE_IDENTIFIER = "none.rainbow-road";
				PRODUCT_NAME = "$(TARGET_NAME)";
				SWIFT_VERSION = 4.0;
				TARGETED_DEVICE_FAMILY = "1,2";
			};
			name = Release;
		};
		A6A85B8B205751D3008F1FC5 /* Debug */ = {
			isa = XCBuildConfiguration;
			buildSettings = {
				ALWAYS_EMBED_SWIFT_STANDARD_LIBRARIES = YES;
				BUNDLE_LOADER = "$(TEST_HOST)";
				CODE_SIGN_STYLE = Automatic;
				DEVELOPMENT_TEAM = 4LCWFZ2JA9;
				INFOPLIST_FILE = rainbow_roadTests/Info.plist;
				LD_RUNPATH_SEARCH_PATHS = "$(inherited) @executable_path/Frameworks @loader_path/Frameworks";
				PRODUCT_BUNDLE_IDENTIFIER = "none.rainbow-roadTests";
				PRODUCT_NAME = "$(TARGET_NAME)";
				SWIFT_VERSION = 4.0;
				TARGETED_DEVICE_FAMILY = "1,2";
				TEST_HOST = "$(BUILT_PRODUCTS_DIR)/rainbow_road.app/rainbow_road";
			};
			name = Debug;
		};
		A6A85B8C205751D3008F1FC5 /* Release */ = {
			isa = XCBuildConfiguration;
			buildSettings = {
				ALWAYS_EMBED_SWIFT_STANDARD_LIBRARIES = YES;
				BUNDLE_LOADER = "$(TEST_HOST)";
				CODE_SIGN_STYLE = Automatic;
				DEVELOPMENT_TEAM = 4LCWFZ2JA9;
				INFOPLIST_FILE = rainbow_roadTests/Info.plist;
				LD_RUNPATH_SEARCH_PATHS = "$(inherited) @executable_path/Frameworks @loader_path/Frameworks";
				PRODUCT_BUNDLE_IDENTIFIER = "none.rainbow-roadTests";
				PRODUCT_NAME = "$(TARGET_NAME)";
				SWIFT_VERSION = 4.0;
				TARGETED_DEVICE_FAMILY = "1,2";
				TEST_HOST = "$(BUILT_PRODUCTS_DIR)/rainbow_road.app/rainbow_road";
			};
			name = Release;
		};
		A6A85B8E205751D3008F1FC5 /* Debug */ = {
			isa = XCBuildConfiguration;
			buildSettings = {
				ALWAYS_EMBED_SWIFT_STANDARD_LIBRARIES = YES;
				CODE_SIGN_STYLE = Automatic;
				DEVELOPMENT_TEAM = 4LCWFZ2JA9;
				INFOPLIST_FILE = rainbow_roadUITests/Info.plist;
				LD_RUNPATH_SEARCH_PATHS = "$(inherited) @executable_path/Frameworks @loader_path/Frameworks";
				PRODUCT_BUNDLE_IDENTIFIER = "none.rainbow-roadUITests";
				PRODUCT_NAME = "$(TARGET_NAME)";
				SWIFT_VERSION = 4.0;
				TARGETED_DEVICE_FAMILY = "1,2";
				TEST_TARGET_NAME = rainbow_road;
			};
			name = Debug;
		};
		A6A85B8F205751D3008F1FC5 /* Release */ = {
			isa = XCBuildConfiguration;
			buildSettings = {
				ALWAYS_EMBED_SWIFT_STANDARD_LIBRARIES = YES;
				CODE_SIGN_STYLE = Automatic;
				DEVELOPMENT_TEAM = 4LCWFZ2JA9;
				INFOPLIST_FILE = rainbow_roadUITests/Info.plist;
				LD_RUNPATH_SEARCH_PATHS = "$(inherited) @executable_path/Frameworks @loader_path/Frameworks";
				PRODUCT_BUNDLE_IDENTIFIER = "none.rainbow-roadUITests";
				PRODUCT_NAME = "$(TARGET_NAME)";
				SWIFT_VERSION = 4.0;
				TARGETED_DEVICE_FAMILY = "1,2";
				TEST_TARGET_NAME = rainbow_road;
			};
			name = Release;
		};
/* End XCBuildConfiguration section */

/* Begin XCConfigurationList section */
		A6A85B5A205751D2008F1FC5 /* Build configuration list for PBXProject "rainbow_road" */ = {
			isa = XCConfigurationList;
			buildConfigurations = (
				A6A85B85205751D3008F1FC5 /* Debug */,
				A6A85B86205751D3008F1FC5 /* Release */,
			);
			defaultConfigurationIsVisible = 0;
			defaultConfigurationName = Release;
		};
		A6A85B87205751D3008F1FC5 /* Build configuration list for PBXNativeTarget "rainbow_road" */ = {
			isa = XCConfigurationList;
			buildConfigurations = (
				A6A85B88205751D3008F1FC5 /* Debug */,
				A6A85B89205751D3008F1FC5 /* Release */,
			);
			defaultConfigurationIsVisible = 0;
			defaultConfigurationName = Release;
		};
		A6A85B8A205751D3008F1FC5 /* Build configuration list for PBXNativeTarget "rainbow_roadTests" */ = {
			isa = XCConfigurationList;
			buildConfigurations = (
				A6A85B8B205751D3008F1FC5 /* Debug */,
				A6A85B8C205751D3008F1FC5 /* Release */,
			);
			defaultConfigurationIsVisible = 0;
			defaultConfigurationName = Release;
		};
		A6A85B8D205751D3008F1FC5 /* Build configuration list for PBXNativeTarget "rainbow_roadUITests" */ = {
			isa = XCConfigurationList;
			buildConfigurations = (
				A6A85B8E205751D3008F1FC5 /* Debug */,
				A6A85B8F205751D3008F1FC5 /* Release */,
			);
			defaultConfigurationIsVisible = 0;
			defaultConfigurationName = Release;
		};
/* End XCConfigurationList section */
	};
	rootObject = A6A85B57205751D2008F1FC5 /* Project object */;
}
